
Microsoft Visual Studio Solution File, Format Version 12.00
# Visual Studio Version 16
VisualStudioVersion = 16.0.29613.14
MinimumVisualStudioVersion = 10.0.40219.1
Project("{FAE04EC0-301F-11D3-BF4B-00C04F79EFBC}") = "TemperaturClient", "TemperaturClient\TemperaturClient.csproj", "{33499189-E05D-4518-9676-A4064CE9F287}"
EndProject
Project("{FAE04EC0-301F-11D3-BF4B-00C04F79EFBC}") = "TemperaturAdmin", "TemperaturAdmin\TemperaturAdmin.csproj", "{A6FB5391-D2D7-49F3-9F40-6BB03EBEF01E}"
EndProject
Project("{2150E333-8FDC-42A3-9474-1A3956D46DE8}") = "documents", "documents", "{22A0DC17-70FD-4565-8942-D71D80C8D26C}"
	ProjectSection(SolutionItems) = preProject
		documents\Temperaturverwaltung FIA18 Aufgabe.pdf = documents\Temperaturverwaltung FIA18 Aufgabe.pdf
	EndProjectSection
EndProject
Global
	GlobalSection(SolutionConfigurationPlatforms) = preSolution
		Debug|Any CPU = Debug|Any CPU
		Release|Any CPU = Release|Any CPU
	EndGlobalSection
	GlobalSection(ProjectConfigurationPlatforms) = postSolution
		{33499189-E05D-4518-9676-A4064CE9F287}.Debug|Any CPU.ActiveCfg = Debug|Any CPU
		{33499189-E05D-4518-9676-A4064CE9F287}.Debug|Any CPU.Build.0 = Debug|Any CPU
		{33499189-E05D-4518-9676-A4064CE9F287}.Release|Any CPU.ActiveCfg = Release|Any CPU
		{33499189-E05D-4518-9676-A4064CE9F287}.Release|Any CPU.Build.0 = Release|Any CPU
		{A6FB5391-D2D7-49F3-9F40-6BB03EBEF01E}.Debug|Any CPU.ActiveCfg = Debug|Any CPU
		{A6FB5391-D2D7-49F3-9F40-6BB03EBEF01E}.Debug|Any CPU.Build.0 = Debug|Any CPU
		{A6FB5391-D2D7-49F3-9F40-6BB03EBEF01E}.Release|Any CPU.ActiveCfg = Release|Any CPU
		{A6FB5391-D2D7-49F3-9F40-6BB03EBEF01E}.Release|Any CPU.Build.0 = Release|Any CPU
	EndGlobalSection
	GlobalSection(SolutionProperties) = preSolution
		HideSolutionNode = FALSE
	EndGlobalSection
	GlobalSection(ExtensibilityGlobals) = postSolution
		SolutionGuid = {6B1B667A-248D-4D32-B219-6CF71EECBB91}
	EndGlobalSection
EndGlobal
